{
  "name": "cryptocurrency-viewer-server",
  "version": "1.0.0",
  "lockfileVersion": 1,
  "requires": true,
  "dependencies": {
    "@types/node": {
      "version": "17.0.44",
      "resolved": "https://registry.npmjs.org/@types/node/-/node-17.0.44.tgz",
      "integrity": "sha512-gWYiOlu6Y4oyLYBvsJAPlwHbC8H4tX+tLsHy6Ee976wedwwZKrG2hFl3Y/HiH6bIyLTbDWQexQF/ohwKkOpUCg==",
      "dev": true
    }
  }
}
